// !$*UTF8*$!
{
	archiveVersion = 1;
	classes = {
	};
	objectVersion = 77;
	objects = {

/* Begin PBXContainerItemProxy section */
		6941D1DB2E6395390030DEA4 /* PBXContainerItemProxy */ = {
			isa = PBXContainerItemProxy;
			containerPortal = 6941D1C12E6395380030DEA4 /* Project object */;
			proxyType = 1;
			remoteGlobalIDString = 6941D1C82E6395380030DEA4;
			remoteInfo = "Photos-QR-Scanner";
		};
		6941D1E52E6395390030DEA4 /* PBXContainerItemProxy */ = {
			isa = PBXContainerItemProxy;
			containerPortal = 6941D1C12E6395380030DEA4 /* Project object */;
			proxyType = 1;
			remoteGlobalIDString = 6941D1C82E6395380030DEA4;
			remoteInfo = "Photos-QR-Scanner";
		};
/* End PBXContainerItemProxy section */

/* Begin PBXFileReference section */
		6941D1C92E6395380030DEA4 /* Photos-QR-Scanner.app */ = {isa = PBXFileReference; explicitFileType = wrapper.application; includeInIndex = 0; path = "Photos-QR-Scanner.app"; sourceTree = BUILT_PRODUCTS_DIR; };
		6941D1DA2E6395390030DEA4 /* Photos-QR-ScannerTests.xctest */ = {isa = PBXFileReference; explicitFileType = wrapper.cfbundle; includeInIndex = 0; path = "Photos-QR-ScannerTests.xctest"; sourceTree = BUILT_PRODUCTS_DIR; };
		6941D1E42E6395390030DEA4 /* Photos-QR-ScannerUITests.xctest */ = {isa = PBXFileReference; explicitFileType = wrapper.cfbundle; includeInIndex = 0; path = "Photos-QR-ScannerUITests.xctest"; sourceTree = BUILT_PRODUCTS_DIR; };
/* End PBXFileReference section */

/* Begin PBXFileSystemSynchronizedRootGroup section */
		6941D1CB2E6395380030DEA4 /* Photos-QR-Scanner */ = {
			isa = PBXFileSystemSynchronizedRootGroup;
			path = "Photos-QR-Scanner";
			sourceTree = "<group>";
		};
		6941D1DD2E6395390030DEA4 /* Photos-QR-ScannerTests */ = {
			isa = PBXFileSystemSynchronizedRootGroup;
			path = "Photos-QR-ScannerTests";
			sourceTree = "<group>";
		};
		6941D1E72E6395390030DEA4 /* Photos-QR-ScannerUITests */ = {
			isa = PBXFileSystemSynchronizedRootGroup;
			path = "Photos-QR-ScannerUITests";
			sourceTree = "<group>";
		};
/* End PBXFileSystemSynchronizedRootGroup section */

/* Begin PBXFrameworksBuildPhase section */
		6941D1C62E6395380030DEA4 /* Frameworks */ = {
			isa = PBXFrameworksBuildPhase;
			buildActionMask = 2147483647;
			files = (
			);
			runOnlyForDeploymentPostprocessing = 0;
		};
		6941D1D72E6395390030DEA4 /* Frameworks */ = {
			isa = PBXFrameworksBuildPhase;
			buildActionMask = 2147483647;
			files = (
			);
			runOnlyForDeploymentPostprocessing = 0;
		};
		6941D1E12E6395390030DEA4 /* Frameworks */ = {
			isa = PBXFrameworksBuildPhase;
			buildActionMask = 2147483647;
			files = (
			);
			runOnlyForDeploymentPostprocessing = 0;
		};
/* End PBXFrameworksBuildPhase section */

/* Begin PBXGroup section */
		6941D1C02E6395380030DEA4 = {
			isa = PBXGroup;
			children = (
				6941D1CB2E6395380030DEA4 /* Photos-QR-Scanner */,
				6941D1DD2E6395390030DEA4 /* Photos-QR-ScannerTests */,
				6941D1E72E6395390030DEA4 /* Photos-QR-ScannerUITests */,
				6941D1CA2E6395380030DEA4 /* Products */,
			);
			sourceTree = "<group>";
		};
		6941D1CA2E6395380030DEA4 /* Products */ = {
			isa = PBXGroup;
			children = (
				6941D1C92E6395380030DEA4 /* Photos-QR-Scanner.app */,
				6941D1DA2E6395390030DEA4 /* Photos-QR-ScannerTests.xctest */,
				6941D1E42E6395390030DEA4 /* Photos-QR-ScannerUITests.xctest */,
			);
			name = Products;
			sourceTree = "<group>";
		};
/* End PBXGroup section */

/* Begin PBXNativeTarget section */
		6941D1C82E6395380030DEA4 /* Photos-QR-Scanner */ = {
			isa = PBXNativeTarget;
			buildConfigurationList = 6941D1EE2E6395390030DEA4 /* Build configuration list for PBXNativeTarget "Photos-QR-Scanner" */;
			buildPhases = (
				6941D1FA2E6395390030DEA5 /* Generate Build Info */,
				6941D1C52E6395380030DEA4 /* Sources */,
				6941D1C62E6395380030DEA4 /* Frameworks */,
				6941D1C72E6395380030DEA4 /* Resources */,
				6941D1FB2E6395390030DEA6 /* Update Build Number in Info.plist */,
			);
			buildRules = (
			);
			dependencies = (
			);
			fileSystemSynchronizedGroups = (
				6941D1CB2E6395380030DEA4 /* Photos-QR-Scanner */,
			);
			name = "Photos-QR-Scanner";
			packageProductDependencies = (
			);
			productName = "Photos-QR-Scanner";
			productReference = 6941D1C92E6395380030DEA4 /* Photos-QR-Scanner.app */;
			productType = "com.apple.product-type.application";
		};
		6941D1D92E6395390030DEA4 /* Photos-QR-ScannerTests */ = {
			isa = PBXNativeTarget;
			buildConfigurationList = 6941D1F12E6395390030DEA4 /* Build configuration list for PBXNativeTarget "Photos-QR-ScannerTests" */;
			buildPhases = (
				6941D1D62E6395390030DEA4 /* Sources */,
				6941D1D72E6395390030DEA4 /* Frameworks */,
				6941D1D82E6395390030DEA4 /* Resources */,
			);
			buildRules = (
			);
			dependencies = (
				6941D1DC2E6395390030DEA4 /* PBXTargetDependency */,
			);
			fileSystemSynchronizedGroups = (
				6941D1DD2E6395390030DEA4 /* Photos-QR-ScannerTests */,
			);
			name = "Photos-QR-ScannerTests";
			packageProductDependencies = (
			);
			productName = "Photos-QR-ScannerTests";
			productReference = 6941D1DA2E6395390030DEA4 /* Photos-QR-ScannerTests.xctest */;
			productType = "com.apple.product-type.bundle.unit-test";
		};
		6941D1E32E6395390030DEA4 /* Photos-QR-ScannerUITests */ = {
			isa = PBXNativeTarget;
			buildConfigurationList = 6941D1F42E6395390030DEA4 /* Build configuration list for PBXNativeTarget "Photos-QR-ScannerUITests" */;
			buildPhases = (
				6941D1E02E6395390030DEA4 /* Sources */,
				6941D1E12E6395390030DEA4 /* Frameworks */,
				6941D1E22E6395390030DEA4 /* Resources */,
			);
			buildRules = (
			);
			dependencies = (
				6941D1E62E6395390030DEA4 /* PBXTargetDependency */,
			);
			fileSystemSynchronizedGroups = (
				6941D1E72E6395390030DEA4 /* Photos-QR-ScannerUITests */,
			);
			name = "Photos-QR-ScannerUITests";
			packageProductDependencies = (
			);
			productName = "Photos-QR-ScannerUITests";
			productReference = 6941D1E42E6395390030DEA4 /* Photos-QR-ScannerUITests.xctest */;
			productType = "com.apple.product-type.bundle.ui-testing";
		};
/* End PBXNativeTarget section */

/* Begin PBXProject section */
		6941D1C12E6395380030DEA4 /* Project object */ = {
			isa = PBXProject;
			attributes = {
				BuildIndependentTargetsInParallel = 1;
				LastSwiftUpdateCheck = 1620;
				LastUpgradeCheck = 1620;
				TargetAttributes = {
					6941D1C82E6395380030DEA4 = {
						CreatedOnToolsVersion = 16.2;
					};
					6941D1D92E6395390030DEA4 = {
						CreatedOnToolsVersion = 16.2;
						TestTargetID = 6941D1C82E6395380030DEA4;
					};
					6941D1E32E6395390030DEA4 = {
						CreatedOnToolsVersion = 16.2;
						TestTargetID = 6941D1C82E6395380030DEA4;
					};
				};
			};
			buildConfigurationList = 6941D1C42E6395380030DEA4 /* Build configuration list for PBXProject "Photos-QR-Scanner" */;
			developmentRegion = en;
			hasScannedForEncodings = 0;
			knownRegions = (
				en,
				Base,
			);
			mainGroup = 6941D1C02E6395380030DEA4;
			minimizedProjectReferenceProxies = 1;
			preferredProjectObjectVersion = 77;
			productRefGroup = 6941D1CA2E6395380030DEA4 /* Products */;
			projectDirPath = "";
			projectRoot = "";
			targets = (
				6941D1C82E6395380030DEA4 /* Photos-QR-Scanner */,
				6941D1D92E6395390030DEA4 /* Photos-QR-ScannerTests */,
				6941D1E32E6395390030DEA4 /* Photos-QR-ScannerUITests */,
			);
		};
/* End PBXProject section */

/* Begin PBXResourcesBuildPhase section */
		6941D1C72E6395380030DEA4 /* Resources */ = {
			isa = PBXResourcesBuildPhase;
			buildActionMask = 2147483647;
			files = (
			);
			runOnlyForDeploymentPostprocessing = 0;
		};
		6941D1D82E6395390030DEA4 /* Resources */ = {
			isa = PBXResourcesBuildPhase;
			buildActionMask = 2147483647;
			files = (
			);
			runOnlyForDeploymentPostprocessing = 0;
		};
		6941D1E22E6395390030DEA4 /* Resources */ = {
			isa = PBXResourcesBuildPhase;
			buildActionMask = 2147483647;
			files = (
			);
			runOnlyForDeploymentPostprocessing = 0;
		};
/* End PBXResourcesBuildPhase section */

/* Begin PBXShellScriptBuildPhase section */
		6941D1FA2E6395390030DEA5 /* Generate Build Info */ = {
			isa = PBXShellScriptBuildPhase;
			alwaysOutOfDate = 1;
			buildActionMask = 2147483647;
			files = (
			);
			inputFileListPaths = (
			);
			inputPaths = (
			);
			name = "Generate Build Info";
			outputFileListPaths = (
			);
			outputPaths = (
			);
			runOnlyForDeploymentPostprocessing = 0;
			shellPath = /bin/sh;
			shellScript = "# Get Git commit SHA and count\ngit_sha=$(git rev-parse HEAD 2>/dev/null || echo \"unknown\")\ngit_commit_count=$(git rev-list HEAD --count 2>/dev/null || echo \"1\")\n\n# Get marketing version from project settings\nmarketing_version=\"${MARKETING_VERSION:-1.0}\"\n\n# Generate BuildInfo.swift\ncat > \"${SRCROOT}/Photos-QR-Scanner/BuildInfo.swift\" << EOF\n//\n//  BuildInfo.swift\n//  Photos-QR-Scanner\n//\n//  Auto-generated file - DO NOT EDIT\n//  This file is generated by the \"Generate Build Info\" build phase\n//\n\nimport Foundation\n\nstruct BuildInfo {\n    static let gitCommitSHA: String = \"${git_sha}\"\n    static let buildNumber: String = \"${git_commit_count}\"\n    static let marketingVersion: String = \"${marketing_version}\"\n}\nEOF\n\necho \"Generated BuildInfo.swift with commit ${git_sha:0:8} and build number ${git_commit_count}\"\n";
			showEnvVarsInLog = 0;
		};
		6941D1FB2E6395390030DEA6 /* Update Build Number in Info.plist */ = {
			isa = PBXShellScriptBuildPhase;
			alwaysOutOfDate = 1;
			buildActionMask = 2147483647;
			files = (
			);
			inputFileListPaths = (
			);
			inputPaths = (
			);
			name = "Update Build Number in Info.plist";
			outputFileListPaths = (
			);
			outputPaths = (
			);
			runOnlyForDeploymentPostprocessing = 0;
			shellPath = /bin/sh;
			shellScript = "# Get Git commit count\ngit_commit_count=$(git rev-list HEAD --count 2>/dev/null || echo \"1\")\n\n# Update the Info.plist in the built app\nINFO_PLIST=\"${BUILT_PRODUCTS_DIR}/${INFOPLIST_PATH}\"\n\nif [ -f \"$INFO_PLIST\" ]; then\n    /usr/libexec/PlistBuddy -c \"Set :CFBundleVersion $git_commit_count\" \"$INFO_PLIST\" 2>/dev/null && \\\n        echo \"Updated CFBundleVersion to $git_commit_count in Info.plist\" || \\\n        echo \"Warning: Could not update CFBundleVersion in Info.plist\"\nelse\n    echo \"Warning: Info.plist not found at $INFO_PLIST\"\nfi\n";
			showEnvVarsInLog = 0;
		};
/* End PBXShellScriptBuildPhase section */

/* Begin PBXSourcesBuildPhase section */
		6941D1C52E6395380030DEA4 /* Sources */ = {
			isa = PBXSourcesBuildPhase;
			buildActionMask = 2147483647;
			files = (
			);
			runOnlyForDeploymentPostprocessing = 0;
		};
		6941D1D62E6395390030DEA4 /* Sources */ = {
			isa = PBXSourcesBuildPhase;
			buildActionMask = 2147483647;
			files = (
			);
			runOnlyForDeploymentPostprocessing = 0;
		};
		6941D1E02E6395390030DEA4 /* Sources */ = {
			isa = PBXSourcesBuildPhase;
			buildActionMask = 2147483647;
			files = (
			);
			runOnlyForDeploymentPostprocessing = 0;
		};
/* End PBXSourcesBuildPhase section */

/* Begin PBXTargetDependency section */
		6941D1DC2E6395390030DEA4 /* PBXTargetDependency */ = {
			isa = PBXTargetDependency;
			target = 6941D1C82E6395380030DEA4 /* Photos-QR-Scanner */;
			targetProxy = 6941D1DB2E6395390030DEA4 /* PBXContainerItemProxy */;
		};
		6941D1E62E6395390030DEA4 /* PBXTargetDependency */ = {
			isa = PBXTargetDependency;
			target = 6941D1C82E6395380030DEA4 /* Photos-QR-Scanner */;
			targetProxy = 6941D1E52E6395390030DEA4 /* PBXContainerItemProxy */;
		};
/* End PBXTargetDependency section */

/* Begin XCBuildConfiguration section */
		6941D1EC2E6395390030DEA4 /* Debug */ = {
			isa = XCBuildConfiguration;
			buildSettings = {
				ALWAYS_SEARCH_USER_PATHS = NO;
				ASSETCATALOG_COMPILER_GENERATE_SWIFT_ASSET_SYMBOL_EXTENSIONS = YES;
				CLANG_ANALYZER_NONNULL = YES;
				CLANG_ANALYZER_NUMBER_OBJECT_CONVERSION = YES_AGGRESSIVE;
				CLANG_CXX_LANGUAGE_STANDARD = "gnu++20";
				CLANG_ENABLE_MODULES = YES;
				CLANG_ENABLE_OBJC_ARC = YES;
				CLANG_ENABLE_OBJC_WEAK = YES;
				CLANG_WARN_BLOCK_CAPTURE_AUTORELEASING = YES;
				CLANG_WARN_BOOL_CONVERSION = YES;
				CLANG_WARN_COMMA = YES;
				CLANG_WARN_CONSTANT_CONVERSION = YES;
				CLANG_WARN_DEPRECATED_OBJC_IMPLEMENTATIONS = YES;
				CLANG_WARN_DIRECT_OBJC_ISA_USAGE = YES_ERROR;
				CLANG_WARN_DOCUMENTATION_COMMENTS = YES;
				CLANG_WARN_EMPTY_BODY = YES;
				CLANG_WARN_ENUM_CONVERSION = YES;
				CLANG_WARN_INFINITE_RECURSION = YES;
				CLANG_WARN_INT_CONVERSION = YES;
				CLANG_WARN_NON_LITERAL_NULL_CONVERSION = YES;
				CLANG_WARN_OBJC_IMPLICIT_RETAIN_SELF = YES;
				CLANG_WARN_OBJC_LITERAL_CONVERSION = YES;
				CLANG_WARN_OBJC_ROOT_CLASS = YES_ERROR;
				CLANG_WARN_QUOTED_INCLUDE_IN_FRAMEWORK_HEADER = YES;
				CLANG_WARN_RANGE_LOOP_ANALYSIS = YES;
				CLANG_WARN_STRICT_PROTOTYPES = YES;
				CLANG_WARN_SUSPICIOUS_MOVE = YES;
				CLANG_WARN_UNGUARDED_AVAILABILITY = YES_AGGRESSIVE;
				CLANG_WARN_UNREACHABLE_CODE = YES;
				CLANG_WARN__DUPLICATE_METHOD_MATCH = YES;
				COPY_PHASE_STRIP = NO;
				DEBUG_INFORMATION_FORMAT = dwarf;
				ENABLE_STRICT_OBJC_MSGSEND = YES;
				ENABLE_TESTABILITY = YES;
				ENABLE_USER_SCRIPT_SANDBOXING = NO;
				GCC_C_LANGUAGE_STANDARD = gnu17;
				GCC_DYNAMIC_NO_PIC = NO;
				GCC_NO_COMMON_BLOCKS = YES;
				GCC_OPTIMIZATION_LEVEL = 0;
				GCC_PREPROCESSOR_DEFINITIONS = (
					"DEBUG=1",
					"$(inherited)",
				);
				GCC_WARN_64_TO_32_BIT_CONVERSION = YES;
				GCC_WARN_ABOUT_RETURN_TYPE = YES_ERROR;
				GCC_WARN_UNDECLARED_SELECTOR = YES;
				GCC_WARN_UNINITIALIZED_AUTOS = YES_AGGRESSIVE;
				GCC_WARN_UNUSED_FUNCTION = YES;
				GCC_WARN_UNUSED_VARIABLE = YES;
				LOCALIZATION_PREFERS_STRING_CATALOGS = YES;
				MACOSX_DEPLOYMENT_TARGET = 15.2;
				MTL_ENABLE_DEBUG_INFO = INCLUDE_SOURCE;
				MTL_FAST_MATH = YES;
				ONLY_ACTIVE_ARCH = YES;
				SDKROOT = macosx;
				SWIFT_ACTIVE_COMPILATION_CONDITIONS = "DEBUG $(inherited)";
				SWIFT_OPTIMIZATION_LEVEL = "-Onone";
			};
			name = Debug;
		};
		6941D1ED2E6395390030DEA4 /* Release */ = {
			isa = XCBuildConfiguration;
			buildSettings = {
				ALWAYS_SEARCH_USER_PATHS = NO;
				ASSETCATALOG_COMPILER_GENERATE_SWIFT_ASSET_SYMBOL_EXTENSIONS = YES;
				CLANG_ANALYZER_NONNULL = YES;
				CLANG_ANALYZER_NUMBER_OBJECT_CONVERSION = YES_AGGRESSIVE;
				CLANG_CXX_LANGUAGE_STANDARD = "gnu++20";
				CLANG_ENABLE_MODULES = YES;
				CLANG_ENABLE_OBJC_ARC = YES;
				CLANG_ENABLE_OBJC_WEAK = YES;
				CLANG_WARN_BLOCK_CAPTURE_AUTORELEASING = YES;
				CLANG_WARN_BOOL_CONVERSION = YES;
				CLANG_WARN_COMMA = YES;
				CLANG_WARN_CONSTANT_CONVERSION = YES;
				CLANG_WARN_DEPRECATED_OBJC_IMPLEMENTATIONS = YES;
				CLANG_WARN_DIRECT_OBJC_ISA_USAGE = YES_ERROR;
				CLANG_WARN_DOCUMENTATION_COMMENTS = YES;
				CLANG_WARN_EMPTY_BODY = YES;
				CLANG_WARN_ENUM_CONVERSION = YES;
				CLANG_WARN_INFINITE_RECURSION = YES;
				CLANG_WARN_INT_CONVERSION = YES;
				CLANG_WARN_NON_LITERAL_NULL_CONVERSION = YES;
				CLANG_WARN_OBJC_IMPLICIT_RETAIN_SELF = YES;
				CLANG_WARN_OBJC_LITERAL_CONVERSION = YES;
				CLANG_WARN_OBJC_ROOT_CLASS = YES_ERROR;
				CLANG_WARN_QUOTED_INCLUDE_IN_FRAMEWORK_HEADER = YES;
				CLANG_WARN_RANGE_LOOP_ANALYSIS = YES;
				CLANG_WARN_STRICT_PROTOTYPES = YES;
				CLANG_WARN_SUSPICIOUS_MOVE = YES;
				CLANG_WARN_UNGUARDED_AVAILABILITY = YES_AGGRESSIVE;
				CLANG_WARN_UNREACHABLE_CODE = YES;
				CLANG_WARN__DUPLICATE_METHOD_MATCH = YES;
				COPY_PHASE_STRIP = NO;
				DEBUG_INFORMATION_FORMAT = "dwarf-with-dsym";
				ENABLE_NS_ASSERTIONS = NO;
				ENABLE_STRICT_OBJC_MSGSEND = YES;
				ENABLE_USER_SCRIPT_SANDBOXING = NO;
				GCC_C_LANGUAGE_STANDARD = gnu17;
				GCC_NO_COMMON_BLOCKS = YES;
				GCC_WARN_64_TO_32_BIT_CONVERSION = YES;
				GCC_WARN_ABOUT_RETURN_TYPE = YES_ERROR;
				GCC_WARN_UNDECLARED_SELECTOR = YES;
				GCC_WARN_UNINITIALIZED_AUTOS = YES_AGGRESSIVE;
				GCC_WARN_UNUSED_FUNCTION = YES;
				GCC_WARN_UNUSED_VARIABLE = YES;
				LOCALIZATION_PREFERS_STRING_CATALOGS = YES;
				MACOSX_DEPLOYMENT_TARGET = 15.2;
				MTL_ENABLE_DEBUG_INFO = NO;
				MTL_FAST_MATH = YES;
				SDKROOT = macosx;
				SWIFT_COMPILATION_MODE = wholemodule;
			};
			name = Release;
		};
		6941D1EF2E6395390030DEA4 /* Debug */ = {
			isa = XCBuildConfiguration;
			buildSettings = {
				ASSETCATALOG_COMPILER_APPICON_NAME = AppIcon;
				ASSETCATALOG_COMPILER_GLOBAL_ACCENT_COLOR_NAME = AccentColor;
				ASSETCATALOG_COMPILER_INCLUDE_ALL_APPICON_ASSETS = NO;
				CODE_SIGN_ENTITLEMENTS = "Photos-QR-Scanner/Photos_QR_Scanner.entitlements";
				CODE_SIGN_STYLE = Automatic;
				COMBINE_HIDPI_IMAGES = YES;
				CURRENT_PROJECT_VERSION = 1;
				DEVELOPMENT_ASSET_PATHS = "\"Photos-QR-Scanner/Preview Content\"";
				ENABLE_PREVIEWS = YES;
				GENERATE_INFOPLIST_FILE = YES;
				INFOPLIST_KEY_LSApplicationCategoryType = "public.app-category.productivity";
				INFOPLIST_KEY_NSHumanReadableCopyright = "";
				INFOPLIST_KEY_NSPhotoLibraryUsageDescription = "$(PRODUCT_BUNDLE_PACKAGE_TYPE)";
				LD_RUNPATH_SEARCH_PATHS = (
					"$(inherited)",
					"@executable_path/../Frameworks",
				);
				MACOSX_DEPLOYMENT_TARGET = 14.6;
				MARKETING_VERSION = 1.0;
				PRODUCT_BUNDLE_IDENTIFIER = "org.vorthmann.Photos-QR-Scanner";
				PRODUCT_NAME = "$(TARGET_NAME)";
				SWIFT_EMIT_LOC_STRINGS = YES;
				SWIFT_VERSION = 5.0;
			};
			name = Debug;
		};
		6941D1F02E6395390030DEA4 /* Release */ = {
			isa = XCBuildConfiguration;
			buildSettings = {
				ASSETCATALOG_COMPILER_APPICON_NAME = AppIcon;
				ASSETCATALOG_COMPILER_GLOBAL_ACCENT_COLOR_NAME = AccentColor;
				ASSETCATALOG_COMPILER_INCLUDE_ALL_APPICON_ASSETS = NO;
				CODE_SIGN_ENTITLEMENTS = "Photos-QR-Scanner/Photos_QR_Scanner.entitlements";
				CODE_SIGN_STYLE = Automatic;
				COMBINE_HIDPI_IMAGES = YES;
				CURRENT_PROJECT_VERSION = 1;
				DEVELOPMENT_ASSET_PATHS = "\"Photos-QR-Scanner/Preview Content\"";
				ENABLE_PREVIEWS = YES;
				GENERATE_INFOPLIST_FILE = YES;
				INFOPLIST_KEY_LSApplicationCategoryType = "public.app-category.productivity";
				INFOPLIST_KEY_NSHumanReadableCopyright = "";
				INFOPLIST_KEY_NSPhotoLibraryUsageDescription = "$(PRODUCT_BUNDLE_PACKAGE_TYPE)";
				LD_RUNPATH_SEARCH_PATHS = (
					"$(inherited)",
					"@executable_path/../Frameworks",
				);
				MACOSX_DEPLOYMENT_TARGET = 14.6;
				MARKETING_VERSION = 1.0;
				PRODUCT_BUNDLE_IDENTIFIER = "org.vorthmann.Photos-QR-Scanner";
				PRODUCT_NAME = "$(TARGET_NAME)";
				SWIFT_EMIT_LOC_STRINGS = YES;
				SWIFT_VERSION = 5.0;
			};
			name = Release;
		};
		6941D1F22E6395390030DEA4 /* Debug */ = {
			isa = XCBuildConfiguration;
			buildSettings = {
				BUNDLE_LOADER = "$(TEST_HOST)";
				CODE_SIGN_STYLE = Automatic;
				CURRENT_PROJECT_VERSION = 1;
				GENERATE_INFOPLIST_FILE = YES;
				MACOSX_DEPLOYMENT_TARGET = 15.2;
				MARKETING_VERSION = 1.0;
				PRODUCT_BUNDLE_IDENTIFIER = "org.vorthmann.Photos-QR-ScannerTests";
				PRODUCT_NAME = "$(TARGET_NAME)";
				SWIFT_EMIT_LOC_STRINGS = NO;
				SWIFT_VERSION = 5.0;
				TEST_HOST = "$(BUILT_PRODUCTS_DIR)/Photos-QR-Scanner.app/$(BUNDLE_EXECUTABLE_FOLDER_PATH)/Photos-QR-Scanner";
			};
			name = Debug;
		};
		6941D1F32E6395390030DEA4 /* Release */ = {
			isa = XCBuildConfiguration;
			buildSettings = {
				BUNDLE_LOADER = "$(TEST_HOST)";
				CODE_SIGN_STYLE = Automatic;
				CURRENT_PROJECT_VERSION = 1;
				GENERATE_INFOPLIST_FILE = YES;
				MACOSX_DEPLOYMENT_TARGET = 15.2;
				MARKETING_VERSION = 1.0;
				PRODUCT_BUNDLE_IDENTIFIER = "org.vorthmann.Photos-QR-ScannerTests";
				PRODUCT_NAME = "$(TARGET_NAME)";
				SWIFT_EMIT_LOC_STRINGS = NO;
				SWIFT_VERSION = 5.0;
				TEST_HOST = "$(BUILT_PRODUCTS_DIR)/Photos-QR-Scanner.app/$(BUNDLE_EXECUTABLE_FOLDER_PATH)/Photos-QR-Scanner";
			};
			name = Release;
		};
		6941D1F52E6395390030DEA4 /* Debug */ = {
			isa = XCBuildConfiguration;
			buildSettings = {
				CODE_SIGN_STYLE = Automatic;
				CURRENT_PROJECT_VERSION = 1;
				GENERATE_INFOPLIST_FILE = YES;
				MARKETING_VERSION = 1.0;
				PRODUCT_BUNDLE_IDENTIFIER = "org.vorthmann.Photos-QR-ScannerUITests";
				PRODUCT_NAME = "$(TARGET_NAME)";
				SWIFT_EMIT_LOC_STRINGS = NO;
				SWIFT_VERSION = 5.0;
				TEST_TARGET_NAME = "Photos-QR-Scanner";
			};
			name = Debug;
		};
		6941D1F62E6395390030DEA4 /* Release */ = {
			isa = XCBuildConfiguration;
			buildSettings = {
				CODE_SIGN_STYLE = Automatic;
				CURRENT_PROJECT_VERSION = 1;
				GENERATE_INFOPLIST_FILE = YES;
				MARKETING_VERSION = 1.0;
				PRODUCT_BUNDLE_IDENTIFIER = "org.vorthmann.Photos-QR-ScannerUITests";
				PRODUCT_NAME = "$(TARGET_NAME)";
				SWIFT_EMIT_LOC_STRINGS = NO;
				SWIFT_VERSION = 5.0;
				TEST_TARGET_NAME = "Photos-QR-Scanner";
			};
			name = Release;
		};
/* End XCBuildConfiguration section */

/* Begin XCConfigurationList section */
		6941D1C42E6395380030DEA4 /* Build configuration list for PBXProject "Photos-QR-Scanner" */ = {
			isa = XCConfigurationList;
			buildConfigurations = (
				6941D1EC2E6395390030DEA4 /* Debug */,
				6941D1ED2E6395390030DEA4 /* Release */,
			);
			defaultConfigurationIsVisible = 0;
			defaultConfigurationName = Release;
		};
		6941D1EE2E6395390030DEA4 /* Build configuration list for PBXNativeTarget "Photos-QR-Scanner" */ = {
			isa = XCConfigurationList;
			buildConfigurations = (
				6941D1EF2E6395390030DEA4 /* Debug */,
				6941D1F02E6395390030DEA4 /* Release */,
			);
			defaultConfigurationIsVisible = 0;
			defaultConfigurationName = Release;
		};
		6941D1F12E6395390030DEA4 /* Build configuration list for PBXNativeTarget "Photos-QR-ScannerTests" */ = {
			isa = XCConfigurationList;
			buildConfigurations = (
				6941D1F22E6395390030DEA4 /* Debug */,
				6941D1F32E6395390030DEA4 /* Release */,
			);
			defaultConfigurationIsVisible = 0;
			defaultConfigurationName = Release;
		};
		6941D1F42E6395390030DEA4 /* Build configuration list for PBXNativeTarget "Photos-QR-ScannerUITests" */ = {
			isa = XCConfigurationList;
			buildConfigurations = (
				6941D1F52E6395390030DEA4 /* Debug */,
				6941D1F62E6395390030DEA4 /* Release */,
			);
			defaultConfigurationIsVisible = 0;
			defaultConfigurationName = Release;
		};
/* End XCConfigurationList section */
	};
	rootObject = 6941D1C12E6395380030DEA4 /* Project object */;
}
